// !$*UTF8*$!
{
	archiveVersion = 1;
	classes = {
	};
	objectVersion = 46;
	objects = {

/* Begin PBXBuildFile section */
		2806CA641EDC570D00E85DAB /* main.m in Sources */ = {isa = PBXBuildFile; fileRef = 2806CA631EDC570D00E85DAB /* main.m */; };
		2806CA671EDC570D00E85DAB /* AppDelegate.m in Sources */ = {isa = PBXBuildFile; fileRef = 2806CA661EDC570D00E85DAB /* AppDelegate.m */; };
		2806CA6A1EDC570D00E85DAB /* ViewController.m in Sources */ = {isa = PBXBuildFile; fileRef = 2806CA691EDC570D00E85DAB /* ViewController.m */; };
		2806CA6D1EDC570D00E85DAB /* Main.storyboard in Resources */ = {isa = PBXBuildFile; fileRef = 2806CA6B1EDC570D00E85DAB /* Main.storyboard */; };
		2806CA6F1EDC570D00E85DAB /* Assets.xcassets in Resources */ = {isa = PBXBuildFile; fileRef = 2806CA6E1EDC570D00E85DAB /* Assets.xcassets */; };
		2806CA721EDC570D00E85DAB /* LaunchScreen.storyboard in Resources */ = {isa = PBXBuildFile; fileRef = 2806CA701EDC570D00E85DAB /* LaunchScreen.storyboard */; };
		2806CA7D1EDC570D00E85DAB /* OneCatTests.m in Sources */ = {isa = PBXBuildFile; fileRef = 2806CA7C1EDC570D00E85DAB /* OneCatTests.m */; };
		2806CA881EDC570D00E85DAB /* OneCatUITests.m in Sources */ = {isa = PBXBuildFile; fileRef = 2806CA871EDC570D00E85DAB /* OneCatUITests.m */; };
/* End PBXBuildFile section */

/* Begin PBXContainerItemProxy section */
		2806CA791EDC570D00E85DAB /* PBXContainerItemProxy */ = {
			isa = PBXContainerItemProxy;
			containerPortal = 2806CA571EDC570C00E85DAB /* Project object */;
			proxyType = 1;
			remoteGlobalIDString = 2806CA5E1EDC570C00E85DAB;
			remoteInfo = OneCat;
		};
		2806CA841EDC570D00E85DAB /* PBXContainerItemProxy */ = {
			isa = PBXContainerItemProxy;
			containerPortal = 2806CA571EDC570C00E85DAB /* Project object */;
			proxyType = 1;
			remoteGlobalIDString = 2806CA5E1EDC570C00E85DAB;
			remoteInfo = OneCat;
		};
/* End PBXContainerItemProxy section */

/* Begin PBXFileReference section */
		2806CA5F1EDC570C00E85DAB /* OneCat.app */ = {isa = PBXFileReference; explicitFileType = wrapper.application; includeInIndex = 0; path = OneCat.app; sourceTree = BUILT_PRODUCTS_DIR; };
		2806CA631EDC570D00E85DAB /* main.m */ = {isa = PBXFileReference; lastKnownFileType = sourcecode.c.objc; path = main.m; sourceTree = "<group>"; };
		2806CA651EDC570D00E85DAB /* AppDelegate.h */ = {isa = PBXFileReference; lastKnownFileType = sourcecode.c.h; path = AppDelegate.h; sourceTree = "<group>"; };
		2806CA661EDC570D00E85DAB /* AppDelegate.m */ = {isa = PBXFileReference; lastKnownFileType = sourcecode.c.objc; path = AppDelegate.m; sourceTree = "<group>"; };
		2806CA681EDC570D00E85DAB /* ViewController.h */ = {isa = PBXFileReference; lastKnownFileType = sourcecode.c.h; path = ViewController.h; sourceTree = "<group>"; };
		2806CA691EDC570D00E85DAB /* ViewController.m */ = {isa = PBXFileReference; lastKnownFileType = sourcecode.c.objc; path = ViewController.m; sourceTree = "<group>"; };
		2806CA6C1EDC570D00E85DAB /* Base */ = {isa = PBXFileReference; lastKnownFileType = file.storyboard; name = Base; path = Base.lproj/Main.storyboard; sourceTree = "<group>"; };
		2806CA6E1EDC570D00E85DAB /* Assets.xcassets */ = {isa = PBXFileReference; lastKnownFileType = folder.assetcatalog; path = Assets.xcassets; sourceTree = "<group>"; };
		2806CA711EDC570D00E85DAB /* Base */ = {isa = PBXFileReference; lastKnownFileType = file.storyboard; name = Base; path = Base.lproj/LaunchScreen.storyboard; sourceTree = "<group>"; };
		2806CA731EDC570D00E85DAB /* Info.plist */ = {isa = PBXFileReference; lastKnownFileType = text.plist.xml; path = Info.plist; sourceTree = "<group>"; };
		2806CA781EDC570D00E85DAB /* OneCatTests.xctest */ = {isa = PBXFileReference; explicitFileType = wrapper.cfbundle; includeInIndex = 0; path = OneCatTests.xctest; sourceTree = BUILT_PRODUCTS_DIR; };
		2806CA7C1EDC570D00E85DAB /* OneCatTests.m */ = {isa = PBXFileReference; lastKnownFileType = sourcecode.c.objc; path = OneCatTests.m; sourceTree = "<group>"; };
		2806CA7E1EDC570D00E85DAB /* Info.plist */ = {isa = PBXFileReference; lastKnownFileType = text.plist.xml; path = Info.plist; sourceTree = "<group>"; };
		2806CA831EDC570D00E85DAB /* OneCatUITests.xctest */ = {isa = PBXFileReference; explicitFileType = wrapper.cfbundle; includeInIndex = 0; path = OneCatUITests.xctest; sourceTree = BUILT_PRODUCTS_DIR; };
		2806CA871EDC570D00E85DAB /* OneCatUITests.m */ = {isa = PBXFileReference; lastKnownFileType = sourcecode.c.objc; path = OneCatUITests.m; sourceTree = "<group>"; };
		2806CA891EDC570D00E85DAB /* Info.plist */ = {isa = PBXFileReference; lastKnownFileType = text.plist.xml; path = Info.plist; sourceTree = "<group>"; };
/* End PBXFileReference section */

/* Begin PBXFrameworksBuildPhase section */
		2806CA5C1EDC570C00E85DAB /* Frameworks */ = {
			isa = PBXFrameworksBuildPhase;
			buildActionMask = 2147483647;
			files = (
			);
			runOnlyForDeploymentPostprocessing = 0;
		};
		2806CA751EDC570D00E85DAB /* Frameworks */ = {
			isa = PBXFrameworksBuildPhase;
			buildActionMask = 2147483647;
			files = (
			);
			runOnlyForDeploymentPostprocessing = 0;
		};
		2806CA801EDC570D00E85DAB /* Frameworks */ = {
			isa = PBXFrameworksBuildPhase;
			buildActionMask = 2147483647;
			files = (
			);
			runOnlyForDeploymentPostprocessing = 0;
		};
/* End PBXFrameworksBuildPhase section */

/* Begin PBXGroup section */
		2806CA561EDC570C00E85DAB = {
			isa = PBXGroup;
			children = (
				2806CA611EDC570C00E85DAB /* OneCat */,
				2806CA7B1EDC570D00E85DAB /* OneCatTests */,
				2806CA861EDC570D00E85DAB /* OneCatUITests */,
				2806CA601EDC570C00E85DAB /* Products */,
			);
			sourceTree = "<group>";
		};
		2806CA601EDC570C00E85DAB /* Products */ = {
			isa = PBXGroup;
			children = (
				2806CA5F1EDC570C00E85DAB /* OneCat.app */,
				2806CA781EDC570D00E85DAB /* OneCatTests.xctest */,
				2806CA831EDC570D00E85DAB /* OneCatUITests.xctest */,
			);
			name = Products;
			sourceTree = "<group>";
		};
		2806CA611EDC570C00E85DAB /* OneCat */ = {
			isa = PBXGroup;
			children = (
				2806CA651EDC570D00E85DAB /* AppDelegate.h */,
				2806CA661EDC570D00E85DAB /* AppDelegate.m */,
				2806CA681EDC570D00E85DAB /* ViewController.h */,
				2806CA691EDC570D00E85DAB /* ViewController.m */,
				2806CA6B1EDC570D00E85DAB /* Main.storyboard */,
				2806CA6E1EDC570D00E85DAB /* Assets.xcassets */,
				2806CA701EDC570D00E85DAB /* LaunchScreen.storyboard */,
				2806CA731EDC570D00E85DAB /* Info.plist */,
				2806CA621EDC570D00E85DAB /* Supporting Files */,
			);
			path = OneCat;
			sourceTree = "<group>";
		};
		2806CA621EDC570D00E85DAB /* Supporting Files */ = {
			isa = PBXGroup;
			children = (
				2806CA631EDC570D00E85DAB /* main.m */,
			);
			name = "Supporting Files";
			sourceTree = "<group>";
		};
		2806CA7B1EDC570D00E85DAB /* OneCatTests */ = {
			isa = PBXGroup;
			children = (
				2806CA7C1EDC570D00E85DAB /* OneCatTests.m */,
				2806CA7E1EDC570D00E85DAB /* Info.plist */,
			);
			path = OneCatTests;
			sourceTree = "<group>";
		};
		2806CA861EDC570D00E85DAB /* OneCatUITests */ = {
			isa = PBXGroup;
			children = (
				2806CA871EDC570D00E85DAB /* OneCatUITests.m */,
				2806CA891EDC570D00E85DAB /* Info.plist */,
			);
			path = OneCatUITests;
			sourceTree = "<group>";
		};
/* End PBXGroup section */

/* Begin PBXNativeTarget section */
		2806CA5E1EDC570C00E85DAB /* OneCat */ = {
			isa = PBXNativeTarget;
			buildConfigurationList = 2806CA8C1EDC570D00E85DAB /* Build configuration list for PBXNativeTarget "OneCat" */;
			buildPhases = (
				2806CA5B1EDC570C00E85DAB /* Sources */,
				2806CA5C1EDC570C00E85DAB /* Frameworks */,
				2806CA5D1EDC570C00E85DAB /* Resources */,
			);
			buildRules = (
			);
			dependencies = (
			);
			name = OneCat;
			productName = OneCat;
			productReference = 2806CA5F1EDC570C00E85DAB /* OneCat.app */;
			productType = "com.apple.product-type.application";
		};
		2806CA771EDC570D00E85DAB /* OneCatTests */ = {
			isa = PBXNativeTarget;
			buildConfigurationList = 2806CA8F1EDC570D00E85DAB /* Build configuration list for PBXNativeTarget "OneCatTests" */;
			buildPhases = (
				2806CA741EDC570D00E85DAB /* Sources */,
				2806CA751EDC570D00E85DAB /* Frameworks */,
				2806CA761EDC570D00E85DAB /* Resources */,
			);
			buildRules = (
			);
			dependencies = (
				2806CA7A1EDC570D00E85DAB /* PBXTargetDependency */,
			);
			name = OneCatTests;
			productName = OneCatTests;
			productReference = 2806CA781EDC570D00E85DAB /* OneCatTests.xctest */;
			productType = "com.apple.product-type.bundle.unit-test";
		};
		2806CA821EDC570D00E85DAB /* OneCatUITests */ = {
			isa = PBXNativeTarget;
			buildConfigurationList = 2806CA921EDC570D00E85DAB /* Build configuration list for PBXNativeTarget "OneCatUITests" */;
			buildPhases = (
				2806CA7F1EDC570D00E85DAB /* Sources */,
				2806CA801EDC570D00E85DAB /* Frameworks */,
				2806CA811EDC570D00E85DAB /* Resources */,
			);
			buildRules = (
			);
			dependencies = (
				2806CA851EDC570D00E85DAB /* PBXTargetDependency */,
			);
			name = OneCatUITests;
			productName = OneCatUITests;
			productReference = 2806CA831EDC570D00E85DAB /* OneCatUITests.xctest */;
			productType = "com.apple.product-type.bundle.ui-testing";
		};
/* End PBXNativeTarget section */

/* Begin PBXProject section */
		2806CA571EDC570C00E85DAB /* Project object */ = {
			isa = PBXProject;
			attributes = {
				LastUpgradeCheck = 0830;
				ORGANIZATIONNAME = shuihe.com;
				TargetAttributes = {
					2806CA5E1EDC570C00E85DAB = {
						CreatedOnToolsVersion = 8.3.2;
						DevelopmentTeam = 24D6YE4DJR;
						ProvisioningStyle = Automatic;
					};
					2806CA771EDC570D00E85DAB = {
						CreatedOnToolsVersion = 8.3.2;
						DevelopmentTeam = 24D6YE4DJR;
						ProvisioningStyle = Automatic;
						TestTargetID = 2806CA5E1EDC570C00E85DAB;
					};
					2806CA821EDC570D00E85DAB = {
						CreatedOnToolsVersion = 8.3.2;
						DevelopmentTeam = 24D6YE4DJR;
						ProvisioningStyle = Automatic;
						TestTargetID = 2806CA5E1EDC570C00E85DAB;
					};
				};
			};
			buildConfigurationList = 2806CA5A1EDC570C00E85DAB /* Build configuration list for PBXProject "OneCat" */;
			compatibilityVersion = "Xcode 3.2";
			developmentRegion = English;
			hasScannedForEncodings = 0;
			knownRegions = (
				en,
				Base,
			);
			mainGroup = 2806CA561EDC570C00E85DAB;
			productRefGroup = 2806CA601EDC570C00E85DAB /* Products */;
			projectDirPath = "";
			projectRoot = "";
			targets = (
				2806CA5E1EDC570C00E85DAB /* OneCat */,
				2806CA771EDC570D00E85DAB /* OneCatTests */,
				2806CA821EDC570D00E85DAB /* OneCatUITests */,
			);
		};
/* End PBXProject section */

/* Begin PBXResourcesBuildPhase section */
		2806CA5D1EDC570C00E85DAB /* Resources */ = {
			isa = PBXResourcesBuildPhase;
			buildActionMask = 2147483647;
			files = (
				2806CA721EDC570D00E85DAB /* LaunchScreen.storyboard in Resources */,
				2806CA6F1EDC570D00E85DAB /* Assets.xcassets in Resources */,
				2806CA6D1EDC570D00E85DAB /* Main.storyboard in Resources */,
			);
			runOnlyForDeploymentPostprocessing = 0;
		};
		2806CA761EDC570D00E85DAB /* Resources */ = {
			isa = PBXResourcesBuildPhase;
			buildActionMask = 2147483647;
			files = (
			);
			runOnlyForDeploymentPostprocessing = 0;
		};
		2806CA811EDC570D00E85DAB /* Resources */ = {
			isa = PBXResourcesBuildPhase;
			buildActionMask = 2147483647;
			files = (
			);
			runOnlyForDeploymentPostprocessing = 0;
		};
/* End PBXResourcesBuildPhase section */

/* Begin PBXSourcesBuildPhase section */
		2806CA5B1EDC570C00E85DAB /* Sources */ = {
			isa = PBXSourcesBuildPhase;
			buildActionMask = 2147483647;
			files = (
				2806CA6A1EDC570D00E85DAB /* ViewController.m in Sources */,
				2806CA671EDC570D00E85DAB /* AppDelegate.m in Sources */,
				2806CA641EDC570D00E85DAB /* main.m in Sources */,
			);
			runOnlyForDeploymentPostprocessing = 0;
		};
		2806CA741EDC570D00E85DAB /* Sources */ = {
			isa = PBXSourcesBuildPhase;
			buildActionMask = 2147483647;
			files = (
				2806CA7D1EDC570D00E85DAB /* OneCatTests.m in Sources */,
			);
			runOnlyForDeploymentPostprocessing = 0;
		};
		2806CA7F1EDC570D00E85DAB /* Sources */ = {
			isa = PBXSourcesBuildPhase;
			buildActionMask = 2147483647;
			files = (
				2806CA881EDC570D00E85DAB /* OneCatUITests.m in Sources */,
			);
			runOnlyForDeploymentPostprocessing = 0;
		};
/* End PBXSourcesBuildPhase section */

/* Begin PBXTargetDependency section */
		2806CA7A1EDC570D00E85DAB /* PBXTargetDependency */ = {
			isa = PBXTargetDependency;
			target = 2806CA5E1EDC570C00E85DAB /* OneCat */;
			targetProxy = 2806CA791EDC570D00E85DAB /* PBXContainerItemProxy */;
		};
		2806CA851EDC570D00E85DAB /* PBXTargetDependency */ = {
			isa = PBXTargetDependency;
			target = 2806CA5E1EDC570C00E85DAB /* OneCat */;
			targetProxy = 2806CA841EDC570D00E85DAB /* PBXContainerItemProxy */;
		};
/* End PBXTargetDependency section */

/* Begin PBXVariantGroup section */
		2806CA6B1EDC570D00E85DAB /* Main.storyboard */ = {
			isa = PBXVariantGroup;
			children = (
				2806CA6C1EDC570D00E85DAB /* Base */,
			);
			name = Main.storyboard;
			sourceTree = "<group>";
		};
		2806CA701EDC570D00E85DAB /* LaunchScreen.storyboard */ = {
			isa = PBXVariantGroup;
			children = (
				2806CA711EDC570D00E85DAB /* Base */,
			);
			name = LaunchScreen.storyboard;
			sourceTree = "<group>";
		};
/* End PBXVariantGroup section */

/* Begin XCBuildConfiguration section */
		2806CA8A1EDC570D00E85DAB /* Debug */ = {
			isa = XCBuildConfiguration;
			buildSettings = {
				ALWAYS_SEARCH_USER_PATHS = NO;
				CLANG_ANALYZER_NONNULL = YES;
				CLANG_ANALYZER_NUMBER_OBJECT_CONVERSION = YES_AGGRESSIVE;
				CLANG_CXX_LANGUAGE_STANDARD = "gnu++0x";
				CLANG_CXX_LIBRARY = "libc++";
				CLANG_ENABLE_MODULES = YES;
				CLANG_ENABLE_OBJC_ARC = YES;
				CLANG_WARN_BOOL_CONVERSION = YES;
				CLANG_WARN_CONSTANT_CONVERSION = YES;
				CLANG_WARN_DIRECT_OBJC_ISA_USAGE = YES_ERROR;
				CLANG_WARN_DOCUMENTATION_COMMENTS = YES;
				CLANG_WARN_EMPTY_BODY = YES;
				CLANG_WARN_ENUM_CONVERSION = YES;
				CLANG_WARN_INFINITE_RECURSION = YES;
				CLANG_WARN_INT_CONVERSION = YES;
				CLANG_WARN_OBJC_ROOT_CLASS = YES_ERROR;
				CLANG_WARN_SUSPICIOUS_MOVE = YES;
				CLANG_WARN_UNREACHABLE_CODE = YES;
				CLANG_WARN__DUPLICATE_METHOD_MATCH = YES;
				"CODE_SIGN_IDENTITY[sdk=iphoneos*]" = "iPhone Developer";
				COPY_PHASE_STRIP = NO;
				DEBUG_INFORMATION_FORMAT = dwarf;
				ENABLE_STRICT_OBJC_MSGSEND = YES;
				ENABLE_TESTABILITY = YES;
				GCC_C_LANGUAGE_STANDARD = gnu99;
				GCC_DYNAMIC_NO_PIC = NO;
				GCC_NO_COMMON_BLOCKS = YES;
				GCC_OPTIMIZATION_LEVEL = 0;
				GCC_PREPROCESSOR_DEFINITIONS = (
					"DEBUG=1",
					"$(inherited)",
				);
				GCC_WARN_64_TO_32_BIT_CONVERSION = YES;
				GCC_WARN_ABOUT_RETURN_TYPE = YES_ERROR;
				GCC_WARN_UNDECLARED_SELECTOR = YES;
				GCC_WARN_UNINITIALIZED_AUTOS = YES_AGGRESSIVE;
				GCC_WARN_UNUSED_FUNCTION = YES;
				GCC_WARN_UNUSED_VARIABLE = YES;
				IPHONEOS_DEPLOYMENT_TARGET = 10.3;
				MTL_ENABLE_DEBUG_INFO = YES;
				ONLY_ACTIVE_ARCH = YES;
				SDKROOT = iphoneos;
			};
			name = Debug;
		};
		2806CA8B1EDC570D00E85DAB /* Release */ = {
			isa = XCBuildConfiguration;
			buildSettings = {
				ALWAYS_SEARCH_USER_PATHS = NO;
				CLANG_ANALYZER_NONNULL = YES;
				CLANG_ANALYZER_NUMBER_OBJECT_CONVERSION = YES_AGGRESSIVE;
				CLANG_CXX_LANGUAGE_STANDARD = "gnu++0x";
				CLANG_CXX_LIBRARY = "libc++";
				CLANG_ENABLE_MODULES = YES;
				CLANG_ENABLE_OBJC_ARC = YES;
				CLANG_WARN_BOOL_CONVERSION = YES;
				CLANG_WARN_CONSTANT_CONVERSION = YES;
				CLANG_WARN_DIRECT_OBJC_ISA_USAGE = YES_ERROR;
				CLANG_WARN_DOCUMENTATION_COMMENTS = YES;
				CLANG_WARN_EMPTY_BODY = YES;
				CLANG_WARN_ENUM_CONVERSION = YES;
				CLANG_WARN_INFINITE_RECURSION = YES;
				CLANG_WARN_INT_CONVERSION = YES;
				CLANG_WARN_OBJC_ROOT_CLASS = YES_ERROR;
				CLANG_WARN_SUSPICIOUS_MOVE = YES;
				CLANG_WARN_UNREACHABLE_CODE = YES;
				CLANG_WARN__DUPLICATE_METHOD_MATCH = YES;
				"CODE_SIGN_IDENTITY[sdk=iphoneos*]" = "iPhone Developer";
				COPY_PHASE_STRIP = NO;
				DEBUG_INFORMATION_FORMAT = "dwarf-with-dsym";
				ENABLE_NS_ASSERTIONS = NO;
				ENABLE_STRICT_OBJC_MSGSEND = YES;
				GCC_C_LANGUAGE_STANDARD = gnu99;
				GCC_NO_COMMON_BLOCKS = YES;
				GCC_WARN_64_TO_32_BIT_CONVERSION = YES;
				GCC_WARN_ABOUT_RETURN_TYPE = YES_ERROR;
				GCC_WARN_UNDECLARED_SELECTOR = YES;
				GCC_WARN_UNINITIALIZED_AUTOS = YES_AGGRESSIVE;
				GCC_WARN_UNUSED_FUNCTION = YES;
				GCC_WARN_UNUSED_VARIABLE = YES;
				IPHONEOS_DEPLOYMENT_TARGET = 10.3;
				MTL_ENABLE_DEBUG_INFO = NO;
				SDKROOT = iphoneos;
				VALIDATE_PRODUCT = YES;
			};
			name = Release;
		};
		2806CA8D1EDC570D00E85DAB /* Debug */ = {
			isa = XCBuildConfiguration;
			buildSettings = {
				ASSETCATALOG_COMPILER_APPICON_NAME = AppIcon;
				DEVELOPMENT_TEAM = 24D6YE4DJR;
				INFOPLIST_FILE = OneCat/Info.plist;
				LD_RUNPATH_SEARCH_PATHS = "$(inherited) @executable_path/Frameworks";
				PRODUCT_BUNDLE_IDENTIFIER = com.shuihe.OneCat;
				PRODUCT_NAME = "$(TARGET_NAME)";
			};
			name = Debug;
		};
		2806CA8E1EDC570D00E85DAB /* Release */ = {
			isa = XCBuildConfiguration;
			buildSettings = {
				ASSETCATALOG_COMPILER_APPICON_NAME = AppIcon;
				DEVELOPMENT_TEAM = 24D6YE4DJR;
				INFOPLIST_FILE = OneCat/Info.plist;
				LD_RUNPATH_SEARCH_PATHS = "$(inherited) @executable_path/Frameworks";
				PRODUCT_BUNDLE_IDENTIFIER = com.shuihe.OneCat;
				PRODUCT_NAME = "$(TARGET_NAME)";
			};
			name = Release;
		};
		2806CA901EDC570D00E85DAB /* Debug */ = {
			isa = XCBuildConfiguration;
			buildSettings = {
				BUNDLE_LOADER = "$(TEST_HOST)";
				DEVELOPMENT_TEAM = 24D6YE4DJR;
				INFOPLIST_FILE = OneCatTests/Info.plist;
				LD_RUNPATH_SEARCH_PATHS = "$(inherited) @executable_path/Frameworks @loader_path/Frameworks";
				PRODUCT_BUNDLE_IDENTIFIER = com.shuihe.OneCatTests;
				PRODUCT_NAME = "$(TARGET_NAME)";
				TEST_HOST = "$(BUILT_PRODUCTS_DIR)/OneCat.app/OneCat";
			};
			name = Debug;
		};
		2806CA911EDC570D00E85DAB /* Release */ = {
			isa = XCBuildConfiguration;
			buildSettings = {
				BUNDLE_LOADER = "$(TEST_HOST)";
				DEVELOPMENT_TEAM = 24D6YE4DJR;
				INFOPLIST_FILE = OneCatTests/Info.plist;
				LD_RUNPATH_SEARCH_PATHS = "$(inherited) @executable_path/Frameworks @loader_path/Frameworks";
				PRODUCT_BUNDLE_IDENTIFIER = com.shuihe.OneCatTests;
				PRODUCT_NAME = "$(TARGET_NAME)";
				TEST_HOST = "$(BUILT_PRODUCTS_DIR)/OneCat.app/OneCat";
			};
			name = Release;
		};
		2806CA931EDC570D00E85DAB /* Debug */ = {
			isa = XCBuildConfiguration;
			buildSettings = {
				DEVELOPMENT_TEAM = 24D6YE4DJR;
				INFOPLIST_FILE = OneCatUITests/Info.plist;
				LD_RUNPATH_SEARCH_PATHS = "$(inherited) @executable_path/Frameworks @loader_path/Frameworks";
				PRODUCT_BUNDLE_IDENTIFIER = com.shuihe.OneCatUITests;
				PRODUCT_NAME = "$(TARGET_NAME)";
				TEST_TARGET_NAME = OneCat;
			};
			name = Debug;
		};
		2806CA941EDC570D00E85DAB /* Release */ = {
			isa = XCBuildConfiguration;
			buildSettings = {
				DEVELOPMENT_TEAM = 24D6YE4DJR;
				INFOPLIST_FILE = OneCatUITests/Info.plist;
				LD_RUNPATH_SEARCH_PATHS = "$(inherited) @executable_path/Frameworks @loader_path/Frameworks";
				PRODUCT_BUNDLE_IDENTIFIER = com.shuihe.OneCatUITests;
				PRODUCT_NAME = "$(TARGET_NAME)";
				TEST_TARGET_NAME = OneCat;
			};
			name = Release;
		};
/* End XCBuildConfiguration section */

/* Begin XCConfigurationList section */
		2806CA5A1EDC570C00E85DAB /* Build configuration list for PBXProject "OneCat" */ = {
			isa = XCConfigurationList;
			buildConfigurations = (
				2806CA8A1EDC570D00E85DAB /* Debug */,
				2806CA8B1EDC570D00E85DAB /* Release */,
			);
			defaultConfigurationIsVisible = 0;
			defaultConfigurationName = Release;
		};
		2806CA8C1EDC570D00E85DAB /* Build configuration list for PBXNativeTarget "OneCat" */ = {
			isa = XCConfigurationList;
			buildConfigurations = (
				2806CA8D1EDC570D00E85DAB /* Debug */,
				2806CA8E1EDC570D00E85DAB /* Release */,
			);
			defaultConfigurationIsVisible = 0;
		};
		2806CA8F1EDC570D00E85DAB /* Build configuration list for PBXNativeTarget "OneCatTests" */ = {
			isa = XCConfigurationList;
			buildConfigurations = (
				2806CA901EDC570D00E85DAB /* Debug */,
				2806CA911EDC570D00E85DAB /* Release */,
			);
			defaultConfigurationIsVisible = 0;
		};
		2806CA921EDC570D00E85DAB /* Build configuration list for PBXNativeTarget "OneCatUITests" */ = {
			isa = XCConfigurationList;
			buildConfigurations = (
				2806CA931EDC570D00E85DAB /* Debug */,
				2806CA941EDC570D00E85DAB /* Release */,
			);
			defaultConfigurationIsVisible = 0;
		};
/* End XCConfigurationList section */
	};
	rootObject = 2806CA571EDC570C00E85DAB /* Project object */;
}
