// !$*UTF8*$!
{
	archiveVersion = 1;
	classes = {
	};
	objectVersion = 46;
	objects = {

/* Begin PBXBuildFile section */
		000A528C9F863A9B3C67D9B8 /* libPods-OneCat.a in Frameworks */ = {isa = PBXBuildFile; fileRef = 4EE0B05A0284F359E3109230 /* libPods-OneCat.a */; };
		119720646416DBDDF1317916 /* User.storyboard in Resources */ = {isa = PBXBuildFile; fileRef = 11972F82E3D0A2B92C264D9D /* User.storyboard */; };
		1197206C158ABA58B265B77D /* SHBaseModel.m in Sources */ = {isa = PBXBuildFile; fileRef = 11972767393F0774B1DF2DAA /* SHBaseModel.m */; };
		11972248F0B8AC3D7C36E9D7 /* User.xcassets in Resources */ = {isa = PBXBuildFile; fileRef = 11972C6FC135B0FC8EB0402D /* User.xcassets */; };
		11972258DB0CD141CA418C46 /* SHProfileVC.m in Sources */ = {isa = PBXBuildFile; fileRef = 11972A294BCE0E9E73E8FA6B /* SHProfileVC.m */; };
		119722800F9C41CBC6F95335 /* SHRouter.m in Sources */ = {isa = PBXBuildFile; fileRef = 119725E5D0CEE9378541803D /* SHRouter.m */; };
		119724DEF83FBABD773FC3BB /* SHUserRouter.m in Sources */ = {isa = PBXBuildFile; fileRef = 119724D34597A0BDE6E25C12 /* SHUserRouter.m */; };
		1197262A10A46978B7FF440A /* SHSignUpVC.m in Sources */ = {isa = PBXBuildFile; fileRef = 11972FEA74BC602A265730B9 /* SHSignUpVC.m */; };
		119728025AE6AA93435615BE /* SHURLRequest.m in Sources */ = {isa = PBXBuildFile; fileRef = 11972327D581AF5964839319 /* SHURLRequest.m */; };
		11972856FBD7B5183659F628 /* SHViewControllerInterceptor.m in Sources */ = {isa = PBXBuildFile; fileRef = 11972A893F2E27F7C10DC7D6 /* SHViewControllerInterceptor.m */; };
		119728871419E48C2E562410 /* SHUserService.m in Sources */ = {isa = PBXBuildFile; fileRef = 11972D717CA65362D1A7E238 /* SHUserService.m */; };
		119728C2A57B07D042896B08 /* SHUserModel.m in Sources */ = {isa = PBXBuildFile; fileRef = 11972C7951D50C63B2696790 /* SHUserModel.m */; };
		119728E59EBF4FCAE9A3C2CA /* SHBaseService.m in Sources */ = {isa = PBXBuildFile; fileRef = 11972963B7473F44E91CD9FD /* SHBaseService.m */; };
		11972C070F1E80195515F63C /* SHServiceModel.m in Sources */ = {isa = PBXBuildFile; fileRef = 11972BAD5B2F36EAD22D67F0 /* SHServiceModel.m */; };
		11972C8CBD272FBC1B915C8F /* SHHUD.m in Sources */ = {isa = PBXBuildFile; fileRef = 1197238FF46FE1CA1C0A713B /* SHHUD.m */; };
		11972C9F429EF968B49036F6 /* SHCustomView.m in Sources */ = {isa = PBXBuildFile; fileRef = 119724829D666193463787B5 /* SHCustomView.m */; };
		11972DA209C14CCE97CE111A /* SHPageModel.m in Sources */ = {isa = PBXBuildFile; fileRef = 119725DAE5A8E218906961ED /* SHPageModel.m */; };
		2806CA641EDC570D00E85DAB /* main.m in Sources */ = {isa = PBXBuildFile; fileRef = 2806CA631EDC570D00E85DAB /* main.m */; };
		2806CA671EDC570D00E85DAB /* AppDelegate.m in Sources */ = {isa = PBXBuildFile; fileRef = 2806CA661EDC570D00E85DAB /* AppDelegate.m */; };
		2806CA6F1EDC570D00E85DAB /* Assets.xcassets in Resources */ = {isa = PBXBuildFile; fileRef = 2806CA6E1EDC570D00E85DAB /* Assets.xcassets */; };
		2806CA721EDC570D00E85DAB /* LaunchScreen.storyboard in Resources */ = {isa = PBXBuildFile; fileRef = 2806CA701EDC570D00E85DAB /* LaunchScreen.storyboard */; };
		2806CA7D1EDC570D00E85DAB /* OneCatTests.m in Sources */ = {isa = PBXBuildFile; fileRef = 2806CA7C1EDC570D00E85DAB /* OneCatTests.m */; };
		2806CA881EDC570D00E85DAB /* OneCatUITests.m in Sources */ = {isa = PBXBuildFile; fileRef = 2806CA871EDC570D00E85DAB /* OneCatUITests.m */; };
/* End PBXBuildFile section */

/* Begin PBXContainerItemProxy section */
		2806CA791EDC570D00E85DAB /* PBXContainerItemProxy */ = {
			isa = PBXContainerItemProxy;
			containerPortal = 2806CA571EDC570C00E85DAB /* Project object */;
			proxyType = 1;
			remoteGlobalIDString = 2806CA5E1EDC570C00E85DAB;
			remoteInfo = OneCat;
		};
		2806CA841EDC570D00E85DAB /* PBXContainerItemProxy */ = {
			isa = PBXContainerItemProxy;
			containerPortal = 2806CA571EDC570C00E85DAB /* Project object */;
			proxyType = 1;
			remoteGlobalIDString = 2806CA5E1EDC570C00E85DAB;
			remoteInfo = OneCat;
		};
/* End PBXContainerItemProxy section */

/* Begin PBXFileReference section */
		119721E984A60DBD14C2A04C /* SHProfileVC.h */ = {isa = PBXFileReference; fileEncoding = 4; lastKnownFileType = sourcecode.c.h; path = SHProfileVC.h; sourceTree = "<group>"; };
		1197227CCA88E92A973772D0 /* SHUserModel.h */ = {isa = PBXFileReference; fileEncoding = 4; lastKnownFileType = sourcecode.c.h; path = SHUserModel.h; sourceTree = "<group>"; };
		119722EAFF395AE9FE88DE74 /* SHURLRequest.h */ = {isa = PBXFileReference; fileEncoding = 4; lastKnownFileType = sourcecode.c.h; path = SHURLRequest.h; sourceTree = "<group>"; };
		11972327D581AF5964839319 /* SHURLRequest.m */ = {isa = PBXFileReference; fileEncoding = 4; lastKnownFileType = sourcecode.c.objc; path = SHURLRequest.m; sourceTree = "<group>"; };
		11972336AA6923E205E29954 /* SHServiceModel.h */ = {isa = PBXFileReference; fileEncoding = 4; lastKnownFileType = sourcecode.c.h; path = SHServiceModel.h; sourceTree = "<group>"; };
		1197238FF46FE1CA1C0A713B /* SHHUD.m */ = {isa = PBXFileReference; fileEncoding = 4; lastKnownFileType = sourcecode.c.objc; path = SHHUD.m; sourceTree = "<group>"; };
		119724829D666193463787B5 /* SHCustomView.m */ = {isa = PBXFileReference; fileEncoding = 4; lastKnownFileType = sourcecode.c.objc; path = SHCustomView.m; sourceTree = "<group>"; };
		119724D34597A0BDE6E25C12 /* SHUserRouter.m */ = {isa = PBXFileReference; fileEncoding = 4; lastKnownFileType = sourcecode.c.objc; path = SHUserRouter.m; sourceTree = "<group>"; };
		119725DAE5A8E218906961ED /* SHPageModel.m */ = {isa = PBXFileReference; fileEncoding = 4; lastKnownFileType = sourcecode.c.objc; path = SHPageModel.m; sourceTree = "<group>"; };
		119725E5D0CEE9378541803D /* SHRouter.m */ = {isa = PBXFileReference; fileEncoding = 4; lastKnownFileType = sourcecode.c.objc; path = SHRouter.m; sourceTree = "<group>"; };
		11972661172D3735867505AD /* SHSignUpVC.h */ = {isa = PBXFileReference; fileEncoding = 4; lastKnownFileType = sourcecode.c.h; path = SHSignUpVC.h; sourceTree = "<group>"; };
		1197269DF2E9216B94AC783C /* SHUserConst.h */ = {isa = PBXFileReference; fileEncoding = 4; lastKnownFileType = sourcecode.c.h; path = SHUserConst.h; sourceTree = "<group>"; };
		119727369EAAFB3B786CC5A2 /* SHHUD.h */ = {isa = PBXFileReference; fileEncoding = 4; lastKnownFileType = sourcecode.c.h; path = SHHUD.h; sourceTree = "<group>"; };
		11972760C0E3B1009B57022D /* SHUserService.h */ = {isa = PBXFileReference; fileEncoding = 4; lastKnownFileType = sourcecode.c.h; path = SHUserService.h; sourceTree = "<group>"; };
		11972767393F0774B1DF2DAA /* SHBaseModel.m */ = {isa = PBXFileReference; fileEncoding = 4; lastKnownFileType = sourcecode.c.objc; path = SHBaseModel.m; sourceTree = "<group>"; };
		11972897EA8427349C1FE134 /* SHUserAPI.h */ = {isa = PBXFileReference; fileEncoding = 4; lastKnownFileType = sourcecode.c.h; path = SHUserAPI.h; sourceTree = "<group>"; };
		119728B45B8AE19286255855 /* SHUserRouter.h */ = {isa = PBXFileReference; fileEncoding = 4; lastKnownFileType = sourcecode.c.h; path = SHUserRouter.h; sourceTree = "<group>"; };
		11972963B7473F44E91CD9FD /* SHBaseService.m */ = {isa = PBXFileReference; fileEncoding = 4; lastKnownFileType = sourcecode.c.objc; path = SHBaseService.m; sourceTree = "<group>"; };
		11972A294BCE0E9E73E8FA6B /* SHProfileVC.m */ = {isa = PBXFileReference; fileEncoding = 4; lastKnownFileType = sourcecode.c.objc; path = SHProfileVC.m; sourceTree = "<group>"; };
		11972A5BFBD7451B94D67C57 /* SHPageModel.h */ = {isa = PBXFileReference; fileEncoding = 4; lastKnownFileType = sourcecode.c.h; path = SHPageModel.h; sourceTree = "<group>"; };
		11972A893F2E27F7C10DC7D6 /* SHViewControllerInterceptor.m */ = {isa = PBXFileReference; fileEncoding = 4; lastKnownFileType = sourcecode.c.objc; path = SHViewControllerInterceptor.m; sourceTree = "<group>"; };
		11972AC922E2B17E9469808C /* SHBaseModel.h */ = {isa = PBXFileReference; fileEncoding = 4; lastKnownFileType = sourcecode.c.h; path = SHBaseModel.h; sourceTree = "<group>"; };
		11972B0BDCE21A0809917B60 /* SHRouter.h */ = {isa = PBXFileReference; fileEncoding = 4; lastKnownFileType = sourcecode.c.h; path = SHRouter.h; sourceTree = "<group>"; };
		11972BA740DD7508B899D0C1 /* SHViewControllerInterceptor.h */ = {isa = PBXFileReference; fileEncoding = 4; lastKnownFileType = sourcecode.c.h; path = SHViewControllerInterceptor.h; sourceTree = "<group>"; };
		11972BAD5B2F36EAD22D67F0 /* SHServiceModel.m */ = {isa = PBXFileReference; fileEncoding = 4; lastKnownFileType = sourcecode.c.objc; path = SHServiceModel.m; sourceTree = "<group>"; };
		11972C6FC135B0FC8EB0402D /* User.xcassets */ = {isa = PBXFileReference; lastKnownFileType = folder.assetcatalog; path = User.xcassets; sourceTree = "<group>"; };
		11972C7951D50C63B2696790 /* SHUserModel.m */ = {isa = PBXFileReference; fileEncoding = 4; lastKnownFileType = sourcecode.c.objc; path = SHUserModel.m; sourceTree = "<group>"; };
		11972D717CA65362D1A7E238 /* SHUserService.m */ = {isa = PBXFileReference; fileEncoding = 4; lastKnownFileType = sourcecode.c.objc; path = SHUserService.m; sourceTree = "<group>"; };
		11972D7E28367A7A43614D50 /* SHBaseService.h */ = {isa = PBXFileReference; fileEncoding = 4; lastKnownFileType = sourcecode.c.h; path = SHBaseService.h; sourceTree = "<group>"; };
		11972F0C8657B36645B5861F /* SHCustomView.h */ = {isa = PBXFileReference; fileEncoding = 4; lastKnownFileType = sourcecode.c.h; path = SHCustomView.h; sourceTree = "<group>"; };
		11972F82E3D0A2B92C264D9D /* User.storyboard */ = {isa = PBXFileReference; lastKnownFileType = file.storyboard; path = User.storyboard; sourceTree = "<group>"; };
		11972FEA74BC602A265730B9 /* SHSignUpVC.m */ = {isa = PBXFileReference; fileEncoding = 4; lastKnownFileType = sourcecode.c.objc; path = SHSignUpVC.m; sourceTree = "<group>"; };
		2806CA5F1EDC570C00E85DAB /* OneCat.app */ = {isa = PBXFileReference; explicitFileType = wrapper.application; includeInIndex = 0; path = OneCat.app; sourceTree = BUILT_PRODUCTS_DIR; };
		2806CA631EDC570D00E85DAB /* main.m */ = {isa = PBXFileReference; lastKnownFileType = sourcecode.c.objc; path = main.m; sourceTree = "<group>"; };
		2806CA651EDC570D00E85DAB /* AppDelegate.h */ = {isa = PBXFileReference; lastKnownFileType = sourcecode.c.h; path = AppDelegate.h; sourceTree = "<group>"; };
		2806CA661EDC570D00E85DAB /* AppDelegate.m */ = {isa = PBXFileReference; lastKnownFileType = sourcecode.c.objc; path = AppDelegate.m; sourceTree = "<group>"; };
		2806CA6E1EDC570D00E85DAB /* Assets.xcassets */ = {isa = PBXFileReference; lastKnownFileType = folder.assetcatalog; path = Assets.xcassets; sourceTree = "<group>"; };
		2806CA711EDC570D00E85DAB /* Base */ = {isa = PBXFileReference; lastKnownFileType = file.storyboard; name = Base; path = Base.lproj/LaunchScreen.storyboard; sourceTree = "<group>"; };
		2806CA731EDC570D00E85DAB /* Info.plist */ = {isa = PBXFileReference; lastKnownFileType = text.plist.xml; path = Info.plist; sourceTree = "<group>"; };
		2806CA781EDC570D00E85DAB /* OneCatTests.xctest */ = {isa = PBXFileReference; explicitFileType = wrapper.cfbundle; includeInIndex = 0; path = OneCatTests.xctest; sourceTree = BUILT_PRODUCTS_DIR; };
		2806CA7C1EDC570D00E85DAB /* OneCatTests.m */ = {isa = PBXFileReference; lastKnownFileType = sourcecode.c.objc; path = OneCatTests.m; sourceTree = "<group>"; };
		2806CA7E1EDC570D00E85DAB /* Info.plist */ = {isa = PBXFileReference; lastKnownFileType = text.plist.xml; path = Info.plist; sourceTree = "<group>"; };
		2806CA831EDC570D00E85DAB /* OneCatUITests.xctest */ = {isa = PBXFileReference; explicitFileType = wrapper.cfbundle; includeInIndex = 0; path = OneCatUITests.xctest; sourceTree = BUILT_PRODUCTS_DIR; };
		2806CA871EDC570D00E85DAB /* OneCatUITests.m */ = {isa = PBXFileReference; lastKnownFileType = sourcecode.c.objc; path = OneCatUITests.m; sourceTree = "<group>"; };
		2806CA891EDC570D00E85DAB /* Info.plist */ = {isa = PBXFileReference; lastKnownFileType = text.plist.xml; path = Info.plist; sourceTree = "<group>"; };
		4EE0B05A0284F359E3109230 /* libPods-OneCat.a */ = {isa = PBXFileReference; explicitFileType = archive.ar; includeInIndex = 0; path = "libPods-OneCat.a"; sourceTree = BUILT_PRODUCTS_DIR; };
		53AACD5FFF7CC20E7AECC29C /* Pods-OneCat.release.xcconfig */ = {isa = PBXFileReference; includeInIndex = 1; lastKnownFileType = text.xcconfig; name = "Pods-OneCat.release.xcconfig"; path = "Pods/Target Support Files/Pods-OneCat/Pods-OneCat.release.xcconfig"; sourceTree = "<group>"; };
		6A7E7E0122B9B9047F941A01 /* Pods-OneCat.debug.xcconfig */ = {isa = PBXFileReference; includeInIndex = 1; lastKnownFileType = text.xcconfig; name = "Pods-OneCat.debug.xcconfig"; path = "Pods/Target Support Files/Pods-OneCat/Pods-OneCat.debug.xcconfig"; sourceTree = "<group>"; };
/* End PBXFileReference section */

/* Begin PBXFrameworksBuildPhase section */
		2806CA5C1EDC570C00E85DAB /* Frameworks */ = {
			isa = PBXFrameworksBuildPhase;
			buildActionMask = 2147483647;
			files = (
				000A528C9F863A9B3C67D9B8 /* libPods-OneCat.a in Frameworks */,
			);
			runOnlyForDeploymentPostprocessing = 0;
		};
		2806CA751EDC570D00E85DAB /* Frameworks */ = {
			isa = PBXFrameworksBuildPhase;
			buildActionMask = 2147483647;
			files = (
			);
			runOnlyForDeploymentPostprocessing = 0;
		};
		2806CA801EDC570D00E85DAB /* Frameworks */ = {
			isa = PBXFrameworksBuildPhase;
			buildActionMask = 2147483647;
			files = (
			);
			runOnlyForDeploymentPostprocessing = 0;
		};
/* End PBXFrameworksBuildPhase section */

/* Begin PBXGroup section */
		11972054F34851C3E395A9C6 /* Resource */ = {
			isa = PBXGroup;
			children = (
				11972F82E3D0A2B92C264D9D /* User.storyboard */,
				11972C6FC135B0FC8EB0402D /* User.xcassets */,
			);
			path = Resource;
			sourceTree = "<group>";
		};
		119723B22C1C4D1469511149 /* View */ = {
			isa = PBXGroup;
			children = (
				119724829D666193463787B5 /* SHCustomView.m */,
				11972F0C8657B36645B5861F /* SHCustomView.h */,
			);
			path = View;
			sourceTree = "<group>";
		};
		119724A1A9637BE6C5539512 /* Router */ = {
			isa = PBXGroup;
			children = (
				119725E5D0CEE9378541803D /* SHRouter.m */,
				11972B0BDCE21A0809917B60 /* SHRouter.h */,
			);
			path = Router;
			sourceTree = "<group>";
		};
		1197253C73FAF7DC0E7C634D /* Controller */ = {
			isa = PBXGroup;
			children = (
				11972661172D3735867505AD /* SHSignUpVC.h */,
				11972FEA74BC602A265730B9 /* SHSignUpVC.m */,
				119721E984A60DBD14C2A04C /* SHProfileVC.h */,
				11972A294BCE0E9E73E8FA6B /* SHProfileVC.m */,
			);
			path = Controller;
			sourceTree = "<group>";
		};
		1197274214E5E9F77EAC847A /* Model */ = {
			isa = PBXGroup;
			children = (
				1197227CCA88E92A973772D0 /* SHUserModel.h */,
				11972C7951D50C63B2696790 /* SHUserModel.m */,
			);
			path = Model;
			sourceTree = "<group>";
		};
		119727F47E07CE78BAFA1766 /* Service */ = {
			isa = PBXGroup;
			children = (
				11972D7E28367A7A43614D50 /* SHBaseService.h */,
				11972963B7473F44E91CD9FD /* SHBaseService.m */,
				11972BAD5B2F36EAD22D67F0 /* SHServiceModel.m */,
				11972336AA6923E205E29954 /* SHServiceModel.h */,
			);
			path = Service;
			sourceTree = "<group>";
		};
		119728BF8981B5B0B47E95CA /* User */ = {
			isa = PBXGroup;
			children = (
				11972B435C16FC4863E5ABC6 /* Router */,
				11972054F34851C3E395A9C6 /* Resource */,
				119723B22C1C4D1469511149 /* View */,
				1197253C73FAF7DC0E7C634D /* Controller */,
				1197274214E5E9F77EAC847A /* Model */,
				119729DBCFE1B889F12B40FE /* Service */,
				11972EC684B725E5CE887CE6 /* Const */,
			);
			path = User;
			sourceTree = "<group>";
		};
		1197299FD203917054CC0CE9 /* Model */ = {
			isa = PBXGroup;
			children = (
				11972AC922E2B17E9469808C /* SHBaseModel.h */,
				11972767393F0774B1DF2DAA /* SHBaseModel.m */,
				11972A5BFBD7451B94D67C57 /* SHPageModel.h */,
				119725DAE5A8E218906961ED /* SHPageModel.m */,
			);
			path = Model;
			sourceTree = "<group>";
		};
		119729C7111C98AD6FF73C2E /* Component */ = {
			isa = PBXGroup;
			children = (
				119728BF8981B5B0B47E95CA /* User */,
			);
			path = Component;
			sourceTree = "<group>";
		};
		119729DBCFE1B889F12B40FE /* Service */ = {
			isa = PBXGroup;
			children = (
				11972760C0E3B1009B57022D /* SHUserService.h */,
				11972D717CA65362D1A7E238 /* SHUserService.m */,
			);
			path = Service;
			sourceTree = "<group>";
		};
		11972B0F93101A750AEDBE10 /* Networking */ = {
			isa = PBXGroup;
			children = (
				119722EAFF395AE9FE88DE74 /* SHURLRequest.h */,
				11972327D581AF5964839319 /* SHURLRequest.m */,
			);
			path = Networking;
			sourceTree = "<group>";
		};
		11972B435C16FC4863E5ABC6 /* Router */ = {
			isa = PBXGroup;
			children = (
				119728B45B8AE19286255855 /* SHUserRouter.h */,
				119724D34597A0BDE6E25C12 /* SHUserRouter.m */,
			);
			path = Router;
			sourceTree = "<group>";
		};
		11972BB2EE0AB6FCEA483C9E /* Interceptor */ = {
			isa = PBXGroup;
			children = (
				11972BA740DD7508B899D0C1 /* SHViewControllerInterceptor.h */,
				11972A893F2E27F7C10DC7D6 /* SHViewControllerInterceptor.m */,
			);
			path = Interceptor;
			sourceTree = "<group>";
		};
		11972CEF9D4456E8339D015F /* Foundation */ = {
			isa = PBXGroup;
			children = (
				11972B0F93101A750AEDBE10 /* Networking */,
				1197299FD203917054CC0CE9 /* Model */,
				119724A1A9637BE6C5539512 /* Router */,
				119727F47E07CE78BAFA1766 /* Service */,
				11972BB2EE0AB6FCEA483C9E /* Interceptor */,
				11972D5BEA2AA3019776E37C /* HUD */,
			);
			path = Foundation;
			sourceTree = "<group>";
		};
		11972D5BEA2AA3019776E37C /* HUD */ = {
			isa = PBXGroup;
			children = (
				1197238FF46FE1CA1C0A713B /* SHHUD.m */,
				119727369EAAFB3B786CC5A2 /* SHHUD.h */,
			);
			path = HUD;
			sourceTree = "<group>";
		};
		11972EC684B725E5CE887CE6 /* Const */ = {
			isa = PBXGroup;
			children = (
				1197269DF2E9216B94AC783C /* SHUserConst.h */,
				11972897EA8427349C1FE134 /* SHUserAPI.h */,
			);
			path = Const;
			sourceTree = "<group>";
		};
		2806CA561EDC570C00E85DAB = {
			isa = PBXGroup;
			children = (
				2806CA611EDC570C00E85DAB /* OneCat */,
				2806CA7B1EDC570D00E85DAB /* OneCatTests */,
				2806CA861EDC570D00E85DAB /* OneCatUITests */,
				2806CA601EDC570C00E85DAB /* Products */,
				E5F5750DF2A6DEDA31DAB529 /* Pods */,
				F1550AA411A43EB1CC5DCD7B /* Frameworks */,
			);
			sourceTree = "<group>";
		};
		2806CA601EDC570C00E85DAB /* Products */ = {
			isa = PBXGroup;
			children = (
				2806CA5F1EDC570C00E85DAB /* OneCat.app */,
				2806CA781EDC570D00E85DAB /* OneCatTests.xctest */,
				2806CA831EDC570D00E85DAB /* OneCatUITests.xctest */,
			);
			name = Products;
			sourceTree = "<group>";
		};
		2806CA611EDC570C00E85DAB /* OneCat */ = {
			isa = PBXGroup;
			children = (
				2806CA651EDC570D00E85DAB /* AppDelegate.h */,
				2806CA661EDC570D00E85DAB /* AppDelegate.m */,
				2806CA6E1EDC570D00E85DAB /* Assets.xcassets */,
				2806CA701EDC570D00E85DAB /* LaunchScreen.storyboard */,
				2806CA731EDC570D00E85DAB /* Info.plist */,
				2806CA621EDC570D00E85DAB /* Supporting Files */,
				119729C7111C98AD6FF73C2E /* Component */,
				11972CEF9D4456E8339D015F /* Foundation */,
			);
			path = OneCat;
			sourceTree = "<group>";
		};
		2806CA621EDC570D00E85DAB /* Supporting Files */ = {
			isa = PBXGroup;
			children = (
				2806CA631EDC570D00E85DAB /* main.m */,
			);
			name = "Supporting Files";
			sourceTree = "<group>";
		};
		2806CA7B1EDC570D00E85DAB /* OneCatTests */ = {
			isa = PBXGroup;
			children = (
				2806CA7C1EDC570D00E85DAB /* OneCatTests.m */,
				2806CA7E1EDC570D00E85DAB /* Info.plist */,
			);
			path = OneCatTests;
			sourceTree = "<group>";
		};
		2806CA861EDC570D00E85DAB /* OneCatUITests */ = {
			isa = PBXGroup;
			children = (
				2806CA871EDC570D00E85DAB /* OneCatUITests.m */,
				2806CA891EDC570D00E85DAB /* Info.plist */,
			);
			path = OneCatUITests;
			sourceTree = "<group>";
		};
		E5F5750DF2A6DEDA31DAB529 /* Pods */ = {
			isa = PBXGroup;
			children = (
				6A7E7E0122B9B9047F941A01 /* Pods-OneCat.debug.xcconfig */,
				53AACD5FFF7CC20E7AECC29C /* Pods-OneCat.release.xcconfig */,
			);
			name = Pods;
			sourceTree = "<group>";
		};
		F1550AA411A43EB1CC5DCD7B /* Frameworks */ = {
			isa = PBXGroup;
			children = (
				4EE0B05A0284F359E3109230 /* libPods-OneCat.a */,
			);
			name = Frameworks;
			sourceTree = "<group>";
		};
/* End PBXGroup section */

/* Begin PBXNativeTarget section */
		2806CA5E1EDC570C00E85DAB /* OneCat */ = {
			isa = PBXNativeTarget;
			buildConfigurationList = 2806CA8C1EDC570D00E85DAB /* Build configuration list for PBXNativeTarget "OneCat" */;
			buildPhases = (
				75C9F0B95BC9136116027E3B /* [CP] Check Pods Manifest.lock */,
				2806CA5B1EDC570C00E85DAB /* Sources */,
				2806CA5C1EDC570C00E85DAB /* Frameworks */,
				2806CA5D1EDC570C00E85DAB /* Resources */,
				9EA9191CFD170CD72B270A54 /* [CP] Embed Pods Frameworks */,
				09F1827DD81F415ADEF4A3EE /* [CP] Copy Pods Resources */,
			);
			buildRules = (
			);
			dependencies = (
			);
			name = OneCat;
			productName = OneCat;
			productReference = 2806CA5F1EDC570C00E85DAB /* OneCat.app */;
			productType = "com.apple.product-type.application";
		};
		2806CA771EDC570D00E85DAB /* OneCatTests */ = {
			isa = PBXNativeTarget;
			buildConfigurationList = 2806CA8F1EDC570D00E85DAB /* Build configuration list for PBXNativeTarget "OneCatTests" */;
			buildPhases = (
				2806CA741EDC570D00E85DAB /* Sources */,
				2806CA751EDC570D00E85DAB /* Frameworks */,
				2806CA761EDC570D00E85DAB /* Resources */,
			);
			buildRules = (
			);
			dependencies = (
				2806CA7A1EDC570D00E85DAB /* PBXTargetDependency */,
			);
			name = OneCatTests;
			productName = OneCatTests;
			productReference = 2806CA781EDC570D00E85DAB /* OneCatTests.xctest */;
			productType = "com.apple.product-type.bundle.unit-test";
		};
		2806CA821EDC570D00E85DAB /* OneCatUITests */ = {
			isa = PBXNativeTarget;
			buildConfigurationList = 2806CA921EDC570D00E85DAB /* Build configuration list for PBXNativeTarget "OneCatUITests" */;
			buildPhases = (
				2806CA7F1EDC570D00E85DAB /* Sources */,
				2806CA801EDC570D00E85DAB /* Frameworks */,
				2806CA811EDC570D00E85DAB /* Resources */,
			);
			buildRules = (
			);
			dependencies = (
				2806CA851EDC570D00E85DAB /* PBXTargetDependency */,
			);
			name = OneCatUITests;
			productName = OneCatUITests;
			productReference = 2806CA831EDC570D00E85DAB /* OneCatUITests.xctest */;
			productType = "com.apple.product-type.bundle.ui-testing";
		};
/* End PBXNativeTarget section */

/* Begin PBXProject section */
		2806CA571EDC570C00E85DAB /* Project object */ = {
			isa = PBXProject;
			attributes = {
				CLASSPREFIX = SH;
				LastUpgradeCheck = 0830;
				ORGANIZATIONNAME = shuihe.com;
				TargetAttributes = {
					2806CA5E1EDC570C00E85DAB = {
						CreatedOnToolsVersion = 8.3.2;
						DevelopmentTeam = 24D6YE4DJR;
						ProvisioningStyle = Automatic;
					};
					2806CA771EDC570D00E85DAB = {
						CreatedOnToolsVersion = 8.3.2;
						DevelopmentTeam = 24D6YE4DJR;
						ProvisioningStyle = Automatic;
						TestTargetID = 2806CA5E1EDC570C00E85DAB;
					};
					2806CA821EDC570D00E85DAB = {
						CreatedOnToolsVersion = 8.3.2;
						DevelopmentTeam = 24D6YE4DJR;
						ProvisioningStyle = Automatic;
						TestTargetID = 2806CA5E1EDC570C00E85DAB;
					};
				};
			};
			buildConfigurationList = 2806CA5A1EDC570C00E85DAB /* Build configuration list for PBXProject "OneCat" */;
			compatibilityVersion = "Xcode 3.2";
			developmentRegion = English;
			hasScannedForEncodings = 0;
			knownRegions = (
				en,
				Base,
			);
			mainGroup = 2806CA561EDC570C00E85DAB;
			productRefGroup = 2806CA601EDC570C00E85DAB /* Products */;
			projectDirPath = "";
			projectRoot = "";
			targets = (
				2806CA5E1EDC570C00E85DAB /* OneCat */,
				2806CA771EDC570D00E85DAB /* OneCatTests */,
				2806CA821EDC570D00E85DAB /* OneCatUITests */,
			);
		};
/* End PBXProject section */

/* Begin PBXResourcesBuildPhase section */
		2806CA5D1EDC570C00E85DAB /* Resources */ = {
			isa = PBXResourcesBuildPhase;
			buildActionMask = 2147483647;
			files = (
				2806CA721EDC570D00E85DAB /* LaunchScreen.storyboard in Resources */,
				2806CA6F1EDC570D00E85DAB /* Assets.xcassets in Resources */,
				119720646416DBDDF1317916 /* User.storyboard in Resources */,
				11972248F0B8AC3D7C36E9D7 /* User.xcassets in Resources */,
			);
			runOnlyForDeploymentPostprocessing = 0;
		};
		2806CA761EDC570D00E85DAB /* Resources */ = {
			isa = PBXResourcesBuildPhase;
			buildActionMask = 2147483647;
			files = (
			);
			runOnlyForDeploymentPostprocessing = 0;
		};
		2806CA811EDC570D00E85DAB /* Resources */ = {
			isa = PBXResourcesBuildPhase;
			buildActionMask = 2147483647;
			files = (
			);
			runOnlyForDeploymentPostprocessing = 0;
		};
/* End PBXResourcesBuildPhase section */

/* Begin PBXShellScriptBuildPhase section */
		09F1827DD81F415ADEF4A3EE /* [CP] Copy Pods Resources */ = {
			isa = PBXShellScriptBuildPhase;
			buildActionMask = 2147483647;
			files = (
			);
			inputPaths = (
			);
			name = "[CP] Copy Pods Resources";
			outputPaths = (
			);
			runOnlyForDeploymentPostprocessing = 0;
			shellPath = /bin/sh;
			shellScript = "\"${SRCROOT}/Pods/Target Support Files/Pods-OneCat/Pods-OneCat-resources.sh\"\n";
			showEnvVarsInLog = 0;
		};
		75C9F0B95BC9136116027E3B /* [CP] Check Pods Manifest.lock */ = {
			isa = PBXShellScriptBuildPhase;
			buildActionMask = 2147483647;
			files = (
			);
			inputPaths = (
			);
			name = "[CP] Check Pods Manifest.lock";
			outputPaths = (
			);
			runOnlyForDeploymentPostprocessing = 0;
			shellPath = /bin/sh;
			shellScript = "diff \"${PODS_PODFILE_DIR_PATH}/Podfile.lock\" \"${PODS_ROOT}/Manifest.lock\" > /dev/null\nif [ $? != 0 ] ; then\n    # print error to STDERR\n    echo \"error: The sandbox is not in sync with the Podfile.lock. Run 'pod install' or update your CocoaPods installation.\" >&2\n    exit 1\nfi\n";
			showEnvVarsInLog = 0;
		};
		9EA9191CFD170CD72B270A54 /* [CP] Embed Pods Frameworks */ = {
			isa = PBXShellScriptBuildPhase;
			buildActionMask = 2147483647;
			files = (
			);
			inputPaths = (
			);
			name = "[CP] Embed Pods Frameworks";
			outputPaths = (
			);
			runOnlyForDeploymentPostprocessing = 0;
			shellPath = /bin/sh;
			shellScript = "\"${SRCROOT}/Pods/Target Support Files/Pods-OneCat/Pods-OneCat-frameworks.sh\"\n";
			showEnvVarsInLog = 0;
		};
/* End PBXShellScriptBuildPhase section */

/* Begin PBXSourcesBuildPhase section */
		2806CA5B1EDC570C00E85DAB /* Sources */ = {
			isa = PBXSourcesBuildPhase;
			buildActionMask = 2147483647;
			files = (
				2806CA671EDC570D00E85DAB /* AppDelegate.m in Sources */,
				2806CA641EDC570D00E85DAB /* main.m in Sources */,
				119724DEF83FBABD773FC3BB /* SHUserRouter.m in Sources */,
				11972C9F429EF968B49036F6 /* SHCustomView.m in Sources */,
				1197262A10A46978B7FF440A /* SHSignUpVC.m in Sources */,
				11972258DB0CD141CA418C46 /* SHProfileVC.m in Sources */,
				119728C2A57B07D042896B08 /* SHUserModel.m in Sources */,
				119728871419E48C2E562410 /* SHUserService.m in Sources */,
				119728025AE6AA93435615BE /* SHURLRequest.m in Sources */,
				1197206C158ABA58B265B77D /* SHBaseModel.m in Sources */,
				11972DA209C14CCE97CE111A /* SHPageModel.m in Sources */,
				119722800F9C41CBC6F95335 /* SHRouter.m in Sources */,
				119728E59EBF4FCAE9A3C2CA /* SHBaseService.m in Sources */,
				11972C070F1E80195515F63C /* SHServiceModel.m in Sources */,
				11972856FBD7B5183659F628 /* SHViewControllerInterceptor.m in Sources */,
				11972C8CBD272FBC1B915C8F /* SHHUD.m in Sources */,
			);
			runOnlyForDeploymentPostprocessing = 0;
		};
		2806CA741EDC570D00E85DAB /* Sources */ = {
			isa = PBXSourcesBuildPhase;
			buildActionMask = 2147483647;
			files = (
				2806CA7D1EDC570D00E85DAB /* OneCatTests.m in Sources */,
			);
			runOnlyForDeploymentPostprocessing = 0;
		};
		2806CA7F1EDC570D00E85DAB /* Sources */ = {
			isa = PBXSourcesBuildPhase;
			buildActionMask = 2147483647;
			files = (
				2806CA881EDC570D00E85DAB /* OneCatUITests.m in Sources */,
			);
			runOnlyForDeploymentPostprocessing = 0;
		};
/* End PBXSourcesBuildPhase section */

/* Begin PBXTargetDependency section */
		2806CA7A1EDC570D00E85DAB /* PBXTargetDependency */ = {
			isa = PBXTargetDependency;
			target = 2806CA5E1EDC570C00E85DAB /* OneCat */;
			targetProxy = 2806CA791EDC570D00E85DAB /* PBXContainerItemProxy */;
		};
		2806CA851EDC570D00E85DAB /* PBXTargetDependency */ = {
			isa = PBXTargetDependency;
			target = 2806CA5E1EDC570C00E85DAB /* OneCat */;
			targetProxy = 2806CA841EDC570D00E85DAB /* PBXContainerItemProxy */;
		};
/* End PBXTargetDependency section */

/* Begin PBXVariantGroup section */
		2806CA701EDC570D00E85DAB /* LaunchScreen.storyboard */ = {
			isa = PBXVariantGroup;
			children = (
				2806CA711EDC570D00E85DAB /* Base */,
			);
			name = LaunchScreen.storyboard;
			sourceTree = "<group>";
		};
/* End PBXVariantGroup section */

/* Begin XCBuildConfiguration section */
		2806CA8A1EDC570D00E85DAB /* Debug */ = {
			isa = XCBuildConfiguration;
			buildSettings = {
				ALWAYS_SEARCH_USER_PATHS = NO;
				CLANG_ANALYZER_NONNULL = YES;
				CLANG_ANALYZER_NUMBER_OBJECT_CONVERSION = YES_AGGRESSIVE;
				CLANG_CXX_LANGUAGE_STANDARD = "gnu++0x";
				CLANG_CXX_LIBRARY = "libc++";
				CLANG_ENABLE_MODULES = YES;
				CLANG_ENABLE_OBJC_ARC = YES;
				CLANG_WARN_BOOL_CONVERSION = YES;
				CLANG_WARN_CONSTANT_CONVERSION = YES;
				CLANG_WARN_DIRECT_OBJC_ISA_USAGE = YES_ERROR;
				CLANG_WARN_DOCUMENTATION_COMMENTS = YES;
				CLANG_WARN_EMPTY_BODY = YES;
				CLANG_WARN_ENUM_CONVERSION = YES;
				CLANG_WARN_INFINITE_RECURSION = YES;
				CLANG_WARN_INT_CONVERSION = YES;
				CLANG_WARN_OBJC_ROOT_CLASS = YES_ERROR;
				CLANG_WARN_SUSPICIOUS_MOVE = YES;
				CLANG_WARN_UNREACHABLE_CODE = YES;
				CLANG_WARN__DUPLICATE_METHOD_MATCH = YES;
				"CODE_SIGN_IDENTITY[sdk=iphoneos*]" = "iPhone Developer";
				COPY_PHASE_STRIP = NO;
				DEBUG_INFORMATION_FORMAT = dwarf;
				ENABLE_STRICT_OBJC_MSGSEND = YES;
				ENABLE_TESTABILITY = YES;
				GCC_C_LANGUAGE_STANDARD = gnu99;
				GCC_DYNAMIC_NO_PIC = NO;
				GCC_NO_COMMON_BLOCKS = YES;
				GCC_OPTIMIZATION_LEVEL = 0;
				GCC_PREPROCESSOR_DEFINITIONS = (
					"DEBUG=1",
					"$(inherited)",
				);
				GCC_WARN_64_TO_32_BIT_CONVERSION = YES;
				GCC_WARN_ABOUT_RETURN_TYPE = YES_ERROR;
				GCC_WARN_UNDECLARED_SELECTOR = YES;
				GCC_WARN_UNINITIALIZED_AUTOS = YES_AGGRESSIVE;
				GCC_WARN_UNUSED_FUNCTION = YES;
				GCC_WARN_UNUSED_VARIABLE = YES;
				IPHONEOS_DEPLOYMENT_TARGET = 10.3;
				MTL_ENABLE_DEBUG_INFO = YES;
				ONLY_ACTIVE_ARCH = YES;
				SDKROOT = iphoneos;
			};
			name = Debug;
		};
		2806CA8B1EDC570D00E85DAB /* Release */ = {
			isa = XCBuildConfiguration;
			buildSettings = {
				ALWAYS_SEARCH_USER_PATHS = NO;
				CLANG_ANALYZER_NONNULL = YES;
				CLANG_ANALYZER_NUMBER_OBJECT_CONVERSION = YES_AGGRESSIVE;
				CLANG_CXX_LANGUAGE_STANDARD = "gnu++0x";
				CLANG_CXX_LIBRARY = "libc++";
				CLANG_ENABLE_MODULES = YES;
				CLANG_ENABLE_OBJC_ARC = YES;
				CLANG_WARN_BOOL_CONVERSION = YES;
				CLANG_WARN_CONSTANT_CONVERSION = YES;
				CLANG_WARN_DIRECT_OBJC_ISA_USAGE = YES_ERROR;
				CLANG_WARN_DOCUMENTATION_COMMENTS = YES;
				CLANG_WARN_EMPTY_BODY = YES;
				CLANG_WARN_ENUM_CONVERSION = YES;
				CLANG_WARN_INFINITE_RECURSION = YES;
				CLANG_WARN_INT_CONVERSION = YES;
				CLANG_WARN_OBJC_ROOT_CLASS = YES_ERROR;
				CLANG_WARN_SUSPICIOUS_MOVE = YES;
				CLANG_WARN_UNREACHABLE_CODE = YES;
				CLANG_WARN__DUPLICATE_METHOD_MATCH = YES;
				"CODE_SIGN_IDENTITY[sdk=iphoneos*]" = "iPhone Developer";
				COPY_PHASE_STRIP = NO;
				DEBUG_INFORMATION_FORMAT = "dwarf-with-dsym";
				ENABLE_NS_ASSERTIONS = NO;
				ENABLE_STRICT_OBJC_MSGSEND = YES;
				GCC_C_LANGUAGE_STANDARD = gnu99;
				GCC_NO_COMMON_BLOCKS = YES;
				GCC_WARN_64_TO_32_BIT_CONVERSION = YES;
				GCC_WARN_ABOUT_RETURN_TYPE = YES_ERROR;
				GCC_WARN_UNDECLARED_SELECTOR = YES;
				GCC_WARN_UNINITIALIZED_AUTOS = YES_AGGRESSIVE;
				GCC_WARN_UNUSED_FUNCTION = YES;
				GCC_WARN_UNUSED_VARIABLE = YES;
				IPHONEOS_DEPLOYMENT_TARGET = 10.3;
				MTL_ENABLE_DEBUG_INFO = NO;
				SDKROOT = iphoneos;
				VALIDATE_PRODUCT = YES;
			};
			name = Release;
		};
		2806CA8D1EDC570D00E85DAB /* Debug */ = {
			isa = XCBuildConfiguration;
			baseConfigurationReference = 6A7E7E0122B9B9047F941A01 /* Pods-OneCat.debug.xcconfig */;
			buildSettings = {
				ASSETCATALOG_COMPILER_APPICON_NAME = AppIcon;
				DEVELOPMENT_TEAM = 24D6YE4DJR;
				INFOPLIST_FILE = OneCat/Info.plist;
				IPHONEOS_DEPLOYMENT_TARGET = 8.0;
				LD_RUNPATH_SEARCH_PATHS = "$(inherited) @executable_path/Frameworks";
				PRODUCT_BUNDLE_IDENTIFIER = com.shuihe.OneCat;
				PRODUCT_NAME = "$(TARGET_NAME)";
			};
			name = Debug;
		};
		2806CA8E1EDC570D00E85DAB /* Release */ = {
			isa = XCBuildConfiguration;
			baseConfigurationReference = 53AACD5FFF7CC20E7AECC29C /* Pods-OneCat.release.xcconfig */;
			buildSettings = {
				ASSETCATALOG_COMPILER_APPICON_NAME = AppIcon;
				DEVELOPMENT_TEAM = 24D6YE4DJR;
				INFOPLIST_FILE = OneCat/Info.plist;
				IPHONEOS_DEPLOYMENT_TARGET = 8.0;
				LD_RUNPATH_SEARCH_PATHS = "$(inherited) @executable_path/Frameworks";
				PRODUCT_BUNDLE_IDENTIFIER = com.shuihe.OneCat;
				PRODUCT_NAME = "$(TARGET_NAME)";
			};
			name = Release;
		};
		2806CA901EDC570D00E85DAB /* Debug */ = {
			isa = XCBuildConfiguration;
			buildSettings = {
				BUNDLE_LOADER = "$(TEST_HOST)";
				DEVELOPMENT_TEAM = 24D6YE4DJR;
				INFOPLIST_FILE = OneCatTests/Info.plist;
				LD_RUNPATH_SEARCH_PATHS = "$(inherited) @executable_path/Frameworks @loader_path/Frameworks";
				PRODUCT_BUNDLE_IDENTIFIER = com.shuihe.OneCatTests;
				PRODUCT_NAME = "$(TARGET_NAME)";
				TEST_HOST = "$(BUILT_PRODUCTS_DIR)/OneCat.app/OneCat";
			};
			name = Debug;
		};
		2806CA911EDC570D00E85DAB /* Release */ = {
			isa = XCBuildConfiguration;
			buildSettings = {
				BUNDLE_LOADER = "$(TEST_HOST)";
				DEVELOPMENT_TEAM = 24D6YE4DJR;
				INFOPLIST_FILE = OneCatTests/Info.plist;
				LD_RUNPATH_SEARCH_PATHS = "$(inherited) @executable_path/Frameworks @loader_path/Frameworks";
				PRODUCT_BUNDLE_IDENTIFIER = com.shuihe.OneCatTests;
				PRODUCT_NAME = "$(TARGET_NAME)";
				TEST_HOST = "$(BUILT_PRODUCTS_DIR)/OneCat.app/OneCat";
			};
			name = Release;
		};
		2806CA931EDC570D00E85DAB /* Debug */ = {
			isa = XCBuildConfiguration;
			buildSettings = {
				DEVELOPMENT_TEAM = 24D6YE4DJR;
				INFOPLIST_FILE = OneCatUITests/Info.plist;
				LD_RUNPATH_SEARCH_PATHS = "$(inherited) @executable_path/Frameworks @loader_path/Frameworks";
				PRODUCT_BUNDLE_IDENTIFIER = com.shuihe.OneCatUITests;
				PRODUCT_NAME = "$(TARGET_NAME)";
				TEST_TARGET_NAME = OneCat;
			};
			name = Debug;
		};
		2806CA941EDC570D00E85DAB /* Release */ = {
			isa = XCBuildConfiguration;
			buildSettings = {
				DEVELOPMENT_TEAM = 24D6YE4DJR;
				INFOPLIST_FILE = OneCatUITests/Info.plist;
				LD_RUNPATH_SEARCH_PATHS = "$(inherited) @executable_path/Frameworks @loader_path/Frameworks";
				PRODUCT_BUNDLE_IDENTIFIER = com.shuihe.OneCatUITests;
				PRODUCT_NAME = "$(TARGET_NAME)";
				TEST_TARGET_NAME = OneCat;
			};
			name = Release;
		};
/* End XCBuildConfiguration section */

/* Begin XCConfigurationList section */
		2806CA5A1EDC570C00E85DAB /* Build configuration list for PBXProject "OneCat" */ = {
			isa = XCConfigurationList;
			buildConfigurations = (
				2806CA8A1EDC570D00E85DAB /* Debug */,
				2806CA8B1EDC570D00E85DAB /* Release */,
			);
			defaultConfigurationIsVisible = 0;
			defaultConfigurationName = Release;
		};
		2806CA8C1EDC570D00E85DAB /* Build configuration list for PBXNativeTarget "OneCat" */ = {
			isa = XCConfigurationList;
			buildConfigurations = (
				2806CA8D1EDC570D00E85DAB /* Debug */,
				2806CA8E1EDC570D00E85DAB /* Release */,
			);
			defaultConfigurationIsVisible = 0;
			defaultConfigurationName = Release;
		};
		2806CA8F1EDC570D00E85DAB /* Build configuration list for PBXNativeTarget "OneCatTests" */ = {
			isa = XCConfigurationList;
			buildConfigurations = (
				2806CA901EDC570D00E85DAB /* Debug */,
				2806CA911EDC570D00E85DAB /* Release */,
			);
			defaultConfigurationIsVisible = 0;
			defaultConfigurationName = Release;
		};
		2806CA921EDC570D00E85DAB /* Build configuration list for PBXNativeTarget "OneCatUITests" */ = {
			isa = XCConfigurationList;
			buildConfigurations = (
				2806CA931EDC570D00E85DAB /* Debug */,
				2806CA941EDC570D00E85DAB /* Release */,
			);
			defaultConfigurationIsVisible = 0;
			defaultConfigurationName = Release;
		};
/* End XCConfigurationList section */
	};
	rootObject = 2806CA571EDC570C00E85DAB /* Project object */;
}
